
Microsoft Visual Studio Solution File, Format Version 12.00
# Visual Studio Version 17
VisualStudioVersion = 17.14.36221.1 d17.14
MinimumVisualStudioVersion = 10.0.40219.1
Project("{FAE04EC0-301F-11D3-BF4B-00C04F79EFBC}") = "MangaReader", "MangaReader\MangaReader.csproj", "{86948AE2-2DD5-4DE4-B258-33D8D335A428}"
EndProject
Global
	GlobalSection(SolutionConfigurationPlatforms) = preSolution
		Debug|Any CPU = Debug|Any CPU
		Release|Any CPU = Release|Any CPU
	EndGlobalSection
	GlobalSection(ProjectConfigurationPlatforms) = postSolution
		{86948AE2-2DD5-4DE4-B258-33D8D335A428}.Debug|Any CPU.ActiveCfg = Debug|Any CPU
		{86948AE2-2DD5-4DE4-B258-33D8D335A428}.Debug|Any CPU.Build.0 = Debug|Any CPU
		{86948AE2-2DD5-4DE4-B258-33D8D335A428}.Release|Any CPU.ActiveCfg = Release|Any CPU
		{86948AE2-2DD5-4DE4-B258-33D8D335A428}.Release|Any CPU.Build.0 = Release|Any CPU
	EndGlobalSection
	GlobalSection(SolutionProperties) = preSolution
		HideSolutionNode = FALSE
	EndGlobalSection
	GlobalSection(ExtensibilityGlobals) = postSolution
		SolutionGuid = {98EB11AB-8A51-4D09-8BE3-345C6335B32B}
	EndGlobalSection
EndGlobal
